// !$*UTF8*$!
{
	archiveVersion = 1;
	classes = {
	};
	objectVersion = 55;
	objects = {

/* Begin PBXBuildFile section */
		56313B3B28450C4800133053 /* RegionCellTableViewCell.swift in Sources */ = {isa = PBXBuildFile; fileRef = 56313B3928450C4800133053 /* RegionCellTableViewCell.swift */; };
		56313B3C28450C4800133053 /* RegionCellTableViewCell.xib in Resources */ = {isa = PBXBuildFile; fileRef = 56313B3A28450C4800133053 /* RegionCellTableViewCell.xib */; };
		56313B3E28469E8F00133053 /* PostsController.swift in Sources */ = {isa = PBXBuildFile; fileRef = 56313B3D28469E8E00133053 /* PostsController.swift */; };
		56313B402846AF0D00133053 /* Post.swift in Sources */ = {isa = PBXBuildFile; fileRef = 56313B3F2846AF0D00133053 /* Post.swift */; };
		56313B422848C84700133053 /* AddNewPost.swift in Sources */ = {isa = PBXBuildFile; fileRef = 56313B412848C84600133053 /* AddNewPost.swift */; };
		56313B4A284B87B700133053 /* PostsCollectionViewController.swift in Sources */ = {isa = PBXBuildFile; fileRef = 56313B49284B87B700133053 /* PostsCollectionViewController.swift */; };
		56313B4D284B99DD00133053 /* PostCell.swift in Sources */ = {isa = PBXBuildFile; fileRef = 56313B4B284B99DD00133053 /* PostCell.swift */; };
		56313B4E284B99DD00133053 /* PostCell.xib in Resources */ = {isa = PBXBuildFile; fileRef = 56313B4C284B99DD00133053 /* PostCell.xib */; };
		563E68C6284D0A7B006FB1A6 /* loadingnew.json in Resources */ = {isa = PBXBuildFile; fileRef = 563E68C5284D0A7A006FB1A6 /* loadingnew.json */; };
		563E68C8284D0E7B006FB1A6 /* photoloader.json in Resources */ = {isa = PBXBuildFile; fileRef = 563E68C7284D0E7B006FB1A6 /* photoloader.json */; };
		563E68CA284D0F8E006FB1A6 /* photo.json in Resources */ = {isa = PBXBuildFile; fileRef = 563E68C9284D0F8E006FB1A6 /* photo.json */; };
		563E68CC284D32C9006FB1A6 /* ShowPostController.swift in Sources */ = {isa = PBXBuildFile; fileRef = 563E68CB284D32C9006FB1A6 /* ShowPostController.swift */; };
		563E68CE284E2B17006FB1A6 /* ProfileController.swift in Sources */ = {isa = PBXBuildFile; fileRef = 563E68CD284E2B16006FB1A6 /* ProfileController.swift */; };
		566BD42728422CB6008C1717 /* AppDelegate.swift in Sources */ = {isa = PBXBuildFile; fileRef = 566BD42628422CB6008C1717 /* AppDelegate.swift */; };
		566BD42928422CB6008C1717 /* SceneDelegate.swift in Sources */ = {isa = PBXBuildFile; fileRef = 566BD42828422CB6008C1717 /* SceneDelegate.swift */; };
		566BD42B28422CB6008C1717 /* ViewController.swift in Sources */ = {isa = PBXBuildFile; fileRef = 566BD42A28422CB6008C1717 /* ViewController.swift */; };
		566BD42E28422CB6008C1717 /* Main.storyboard in Resources */ = {isa = PBXBuildFile; fileRef = 566BD42C28422CB6008C1717 /* Main.storyboard */; };
		566BD43028422CBC008C1717 /* Assets.xcassets in Resources */ = {isa = PBXBuildFile; fileRef = 566BD42F28422CBC008C1717 /* Assets.xcassets */; };
		566BD43328422CBC008C1717 /* LaunchScreen.storyboard in Resources */ = {isa = PBXBuildFile; fileRef = 566BD43128422CBC008C1717 /* LaunchScreen.storyboard */; };
		566BD43B28424D20008C1717 /* GoogleService-Info.plist in Resources */ = {isa = PBXBuildFile; fileRef = 566BD43A28424D20008C1717 /* GoogleService-Info.plist */; };
		5696F2D52842952900F5867A /* User.swift in Sources */ = {isa = PBXBuildFile; fileRef = 5696F2D42842952900F5867A /* User.swift */; };
		5696F2D72842A67100F5867A /* DataManager.swift in Sources */ = {isa = PBXBuildFile; fileRef = 5696F2D62842A67100F5867A /* DataManager.swift */; };
		5696F2D9284349D400F5867A /* SignUpController.swift in Sources */ = {isa = PBXBuildFile; fileRef = 5696F2D8284349D400F5867A /* SignUpController.swift */; };
		5696F2DB28438EDD00F5867A /* ImagePicker.swift in Sources */ = {isa = PBXBuildFile; fileRef = 5696F2DA28438EDD00F5867A /* ImagePicker.swift */; };
		5696F2DF2843D08500F5867A /* TabViewController.swift in Sources */ = {isa = PBXBuildFile; fileRef = 5696F2DE2843D08500F5867A /* TabViewController.swift */; };
		5696F2E3284404E100F5867A /* MainController.swift in Sources */ = {isa = PBXBuildFile; fileRef = 5696F2E2284404E100F5867A /* MainController.swift */; };
		5696F2E52844A22800F5867A /* SavedController.swift in Sources */ = {isa = PBXBuildFile; fileRef = 5696F2E42844A22700F5867A /* SavedController.swift */; };
		5696F2E72844D41700F5867A /* AddNewRegionController.swift in Sources */ = {isa = PBXBuildFile; fileRef = 5696F2E62844D41700F5867A /* AddNewRegionController.swift */; };
		5696F2EE2844FA5C00F5867A /* Region.swift in Sources */ = {isa = PBXBuildFile; fileRef = 5696F2ED2844FA5C00F5867A /* Region.swift */; };
		ADC83BA165267686DB6071E4 /* Pods_Banger.framework in Frameworks */ = {isa = PBXBuildFile; fileRef = 8B3525729113A29CD17A66BB /* Pods_Banger.framework */; };
/* End PBXBuildFile section */

/* Begin PBXFileReference section */
		56313B3928450C4800133053 /* RegionCellTableViewCell.swift */ = {isa = PBXFileReference; lastKnownFileType = sourcecode.swift; path = RegionCellTableViewCell.swift; sourceTree = "<group>"; };
		56313B3A28450C4800133053 /* RegionCellTableViewCell.xib */ = {isa = PBXFileReference; lastKnownFileType = file.xib; path = RegionCellTableViewCell.xib; sourceTree = "<group>"; };
		56313B3D28469E8E00133053 /* PostsController.swift */ = {isa = PBXFileReference; lastKnownFileType = sourcecode.swift; path = PostsController.swift; sourceTree = "<group>"; };
		56313B3F2846AF0D00133053 /* Post.swift */ = {isa = PBXFileReference; lastKnownFileType = sourcecode.swift; path = Post.swift; sourceTree = "<group>"; };
		56313B412848C84600133053 /* AddNewPost.swift */ = {isa = PBXFileReference; lastKnownFileType = sourcecode.swift; path = AddNewPost.swift; sourceTree = "<group>"; };
		56313B49284B87B700133053 /* PostsCollectionViewController.swift */ = {isa = PBXFileReference; lastKnownFileType = sourcecode.swift; path = PostsCollectionViewController.swift; sourceTree = "<group>"; };
		56313B4B284B99DD00133053 /* PostCell.swift */ = {isa = PBXFileReference; lastKnownFileType = sourcecode.swift; path = PostCell.swift; sourceTree = "<group>"; };
		56313B4C284B99DD00133053 /* PostCell.xib */ = {isa = PBXFileReference; lastKnownFileType = file.xib; path = PostCell.xib; sourceTree = "<group>"; };
		563E68C5284D0A7A006FB1A6 /* loadingnew.json */ = {isa = PBXFileReference; fileEncoding = 4; lastKnownFileType = text.json; path = loadingnew.json; sourceTree = "<group>"; };
		563E68C7284D0E7B006FB1A6 /* photoloader.json */ = {isa = PBXFileReference; fileEncoding = 4; lastKnownFileType = text.json; path = photoloader.json; sourceTree = "<group>"; };
		563E68C9284D0F8E006FB1A6 /* photo.json */ = {isa = PBXFileReference; fileEncoding = 4; lastKnownFileType = text.json; path = photo.json; sourceTree = "<group>"; };
		563E68CB284D32C9006FB1A6 /* ShowPostController.swift */ = {isa = PBXFileReference; lastKnownFileType = sourcecode.swift; path = ShowPostController.swift; sourceTree = "<group>"; };
		563E68CD284E2B16006FB1A6 /* ProfileController.swift */ = {isa = PBXFileReference; lastKnownFileType = sourcecode.swift; path = ProfileController.swift; sourceTree = "<group>"; };
		566BD42328422CB6008C1717 /* Banger.app */ = {isa = PBXFileReference; explicitFileType = wrapper.application; includeInIndex = 0; path = Banger.app; sourceTree = BUILT_PRODUCTS_DIR; };
		566BD42628422CB6008C1717 /* AppDelegate.swift */ = {isa = PBXFileReference; lastKnownFileType = sourcecode.swift; path = AppDelegate.swift; sourceTree = "<group>"; };
		566BD42828422CB6008C1717 /* SceneDelegate.swift */ = {isa = PBXFileReference; lastKnownFileType = sourcecode.swift; path = SceneDelegate.swift; sourceTree = "<group>"; };
		566BD42A28422CB6008C1717 /* ViewController.swift */ = {isa = PBXFileReference; lastKnownFileType = sourcecode.swift; path = ViewController.swift; sourceTree = "<group>"; };
		566BD42D28422CB6008C1717 /* Base */ = {isa = PBXFileReference; lastKnownFileType = file.storyboard; name = Base; path = Base.lproj/Main.storyboard; sourceTree = "<group>"; };
		566BD42F28422CBC008C1717 /* Assets.xcassets */ = {isa = PBXFileReference; lastKnownFileType = folder.assetcatalog; path = Assets.xcassets; sourceTree = "<group>"; };
		566BD43228422CBC008C1717 /* Base */ = {isa = PBXFileReference; lastKnownFileType = file.storyboard; name = Base; path = Base.lproj/LaunchScreen.storyboard; sourceTree = "<group>"; };
		566BD43428422CBC008C1717 /* Info.plist */ = {isa = PBXFileReference; lastKnownFileType = text.plist.xml; path = Info.plist; sourceTree = "<group>"; };
		566BD43A28424D20008C1717 /* GoogleService-Info.plist */ = {isa = PBXFileReference; fileEncoding = 4; lastKnownFileType = text.plist.xml; path = "GoogleService-Info.plist"; sourceTree = "<group>"; };
		5696F2D328426CC200F5867A /* Banger.entitlements */ = {isa = PBXFileReference; lastKnownFileType = text.plist.entitlements; path = Banger.entitlements; sourceTree = "<group>"; };
		5696F2D42842952900F5867A /* User.swift */ = {isa = PBXFileReference; lastKnownFileType = sourcecode.swift; path = User.swift; sourceTree = "<group>"; };
		5696F2D62842A67100F5867A /* DataManager.swift */ = {isa = PBXFileReference; lastKnownFileType = sourcecode.swift; path = DataManager.swift; sourceTree = "<group>"; };
		5696F2D8284349D400F5867A /* SignUpController.swift */ = {isa = PBXFileReference; lastKnownFileType = sourcecode.swift; path = SignUpController.swift; sourceTree = "<group>"; };
		5696F2DA28438EDD00F5867A /* ImagePicker.swift */ = {isa = PBXFileReference; lastKnownFileType = sourcecode.swift; path = ImagePicker.swift; sourceTree = "<group>"; };
		5696F2DE2843D08500F5867A /* TabViewController.swift */ = {isa = PBXFileReference; lastKnownFileType = sourcecode.swift; path = TabViewController.swift; sourceTree = "<group>"; };
		5696F2E2284404E100F5867A /* MainController.swift */ = {isa = PBXFileReference; lastKnownFileType = sourcecode.swift; path = MainController.swift; sourceTree = "<group>"; };
		5696F2E42844A22700F5867A /* SavedController.swift */ = {isa = PBXFileReference; lastKnownFileType = sourcecode.swift; path = SavedController.swift; sourceTree = "<group>"; };
		5696F2E62844D41700F5867A /* AddNewRegionController.swift */ = {isa = PBXFileReference; lastKnownFileType = sourcecode.swift; path = AddNewRegionController.swift; sourceTree = "<group>"; };
		5696F2ED2844FA5C00F5867A /* Region.swift */ = {isa = PBXFileReference; lastKnownFileType = sourcecode.swift; path = Region.swift; sourceTree = "<group>"; };
		6D79AF743BDF9849FD606A0D /* Pods-Banger.debug.xcconfig */ = {isa = PBXFileReference; includeInIndex = 1; lastKnownFileType = text.xcconfig; name = "Pods-Banger.debug.xcconfig"; path = "Target Support Files/Pods-Banger/Pods-Banger.debug.xcconfig"; sourceTree = "<group>"; };
		714DACC3BDAD2D48B6C46615 /* Pods-Banger.release.xcconfig */ = {isa = PBXFileReference; includeInIndex = 1; lastKnownFileType = text.xcconfig; name = "Pods-Banger.release.xcconfig"; path = "Target Support Files/Pods-Banger/Pods-Banger.release.xcconfig"; sourceTree = "<group>"; };
		8B3525729113A29CD17A66BB /* Pods_Banger.framework */ = {isa = PBXFileReference; explicitFileType = wrapper.framework; includeInIndex = 0; path = Pods_Banger.framework; sourceTree = BUILT_PRODUCTS_DIR; };
/* End PBXFileReference section */

/* Begin PBXFrameworksBuildPhase section */
		566BD42028422CB6008C1717 /* Frameworks */ = {
			isa = PBXFrameworksBuildPhase;
			buildActionMask = 2147483647;
			files = (
				ADC83BA165267686DB6071E4 /* Pods_Banger.framework in Frameworks */,
			);
			runOnlyForDeploymentPostprocessing = 0;
		};
/* End PBXFrameworksBuildPhase section */

/* Begin PBXGroup section */
		1458FF4E40281801E76FE77D /* Pods */ = {
			isa = PBXGroup;
			children = (
				6D79AF743BDF9849FD606A0D /* Pods-Banger.debug.xcconfig */,
				714DACC3BDAD2D48B6C46615 /* Pods-Banger.release.xcconfig */,
			);
			path = Pods;
			sourceTree = "<group>";
		};
		563E68CF284E7977006FB1A6 /* Objects */ = {
			isa = PBXGroup;
			children = (
				5696F2D42842952900F5867A /* User.swift */,
				5696F2ED2844FA5C00F5867A /* Region.swift */,
				56313B3F2846AF0D00133053 /* Post.swift */,
			);
			path = Objects;
			sourceTree = "<group>";
		};
		563E68D0284E79B3006FB1A6 /* ViewControllers */ = {
			isa = PBXGroup;
			children = (
				566BD42A28422CB6008C1717 /* ViewController.swift */,
				5696F2D8284349D400F5867A /* SignUpController.swift */,
				5696F2DE2843D08500F5867A /* TabViewController.swift */,
				5696F2E2284404E100F5867A /* MainController.swift */,
				5696F2E42844A22700F5867A /* SavedController.swift */,
				5696F2E62844D41700F5867A /* AddNewRegionController.swift */,
				56313B3D28469E8E00133053 /* PostsController.swift */,
				56313B412848C84600133053 /* AddNewPost.swift */,
				56313B49284B87B700133053 /* PostsCollectionViewController.swift */,
				563E68CB284D32C9006FB1A6 /* ShowPostController.swift */,
				563E68CD284E2B16006FB1A6 /* ProfileController.swift */,
			);
			path = ViewControllers;
			sourceTree = "<group>";
		};
		566BD41A28422CB6008C1717 = {
			isa = PBXGroup;
			children = (
				566BD42528422CB6008C1717 /* Banger */,
				566BD42428422CB6008C1717 /* Products */,
				1458FF4E40281801E76FE77D /* Pods */,
				A59FC3BC3EFE2C50A5EACE7D /* Frameworks */,
			);
			sourceTree = "<group>";
		};
		566BD42428422CB6008C1717 /* Products */ = {
			isa = PBXGroup;
			children = (
				566BD42328422CB6008C1717 /* Banger.app */,
			);
			name = Products;
			sourceTree = "<group>";
		};
		566BD42528422CB6008C1717 /* Banger */ = {
			isa = PBXGroup;
			children = (
				563E68D0284E79B3006FB1A6 /* ViewControllers */,
				5696F2D62842A67100F5867A /* DataManager.swift */,
				563E68CF284E7977006FB1A6 /* Objects */,
				5696F2E82844F4D300F5867A /* Cells */,
				5696F2D328426CC200F5867A /* Banger.entitlements */,
				566BD42628422CB6008C1717 /* AppDelegate.swift */,
				566BD42828422CB6008C1717 /* SceneDelegate.swift */,
				566BD42C28422CB6008C1717 /* Main.storyboard */,
				563E68C9284D0F8E006FB1A6 /* photo.json */,
				566BD42F28422CBC008C1717 /* Assets.xcassets */,
				566BD43128422CBC008C1717 /* LaunchScreen.storyboard */,
				566BD43428422CBC008C1717 /* Info.plist */,
				566BD43A28424D20008C1717 /* GoogleService-Info.plist */,
				5696F2DA28438EDD00F5867A /* ImagePicker.swift */,
				563E68C7284D0E7B006FB1A6 /* photoloader.json */,
				563E68C5284D0A7A006FB1A6 /* loadingnew.json */,
			);
			path = Banger;
			sourceTree = "<group>";
		};
		5696F2E82844F4D300F5867A /* Cells */ = {
			isa = PBXGroup;
			children = (
				56313B4B284B99DD00133053 /* PostCell.swift */,
				56313B4C284B99DD00133053 /* PostCell.xib */,
				56313B3928450C4800133053 /* RegionCellTableViewCell.swift */,
				56313B3A28450C4800133053 /* RegionCellTableViewCell.xib */,
			);
			path = Cells;
			sourceTree = "<group>";
		};
		A59FC3BC3EFE2C50A5EACE7D /* Frameworks */ = {
			isa = PBXGroup;
			children = (
				8B3525729113A29CD17A66BB /* Pods_Banger.framework */,
			);
			name = Frameworks;
			sourceTree = "<group>";
		};
/* End PBXGroup section */

/* Begin PBXNativeTarget section */
		566BD42228422CB6008C1717 /* Banger */ = {
			isa = PBXNativeTarget;
			buildConfigurationList = 566BD43728422CBC008C1717 /* Build configuration list for PBXNativeTarget "Banger" */;
			buildPhases = (
				5A4ECDED5E084AF5E924A13F /* [CP] Check Pods Manifest.lock */,
				566BD41F28422CB6008C1717 /* Sources */,
				566BD42028422CB6008C1717 /* Frameworks */,
				566BD42128422CB6008C1717 /* Resources */,
				0BFD727CBDC462FB0511DFD6 /* [CP] Embed Pods Frameworks */,
			);
			buildRules = (
			);
			dependencies = (
			);
			name = Banger;
			productName = Banger;
			productReference = 566BD42328422CB6008C1717 /* Banger.app */;
			productType = "com.apple.product-type.application";
		};
/* End PBXNativeTarget section */

/* Begin PBXProject section */
		566BD41B28422CB6008C1717 /* Project object */ = {
			isa = PBXProject;
			attributes = {
				BuildIndependentTargetsInParallel = 1;
				LastSwiftUpdateCheck = 1320;
				LastUpgradeCheck = 1320;
				TargetAttributes = {
					566BD42228422CB6008C1717 = {
						CreatedOnToolsVersion = 13.2.1;
					};
				};
			};
			buildConfigurationList = 566BD41E28422CB6008C1717 /* Build configuration list for PBXProject "Banger" */;
			compatibilityVersion = "Xcode 13.0";
			developmentRegion = en;
			hasScannedForEncodings = 0;
			knownRegions = (
				en,
				Base,
			);
			mainGroup = 566BD41A28422CB6008C1717;
			productRefGroup = 566BD42428422CB6008C1717 /* Products */;
			projectDirPath = "";
			projectRoot = "";
			targets = (
				566BD42228422CB6008C1717 /* Banger */,
			);
		};
/* End PBXProject section */

/* Begin PBXResourcesBuildPhase section */
		566BD42128422CB6008C1717 /* Resources */ = {
			isa = PBXResourcesBuildPhase;
			buildActionMask = 2147483647;
			files = (
				563E68CA284D0F8E006FB1A6 /* photo.json in Resources */,
				566BD43328422CBC008C1717 /* LaunchScreen.storyboard in Resources */,
				563E68C8284D0E7B006FB1A6 /* photoloader.json in Resources */,
				56313B4E284B99DD00133053 /* PostCell.xib in Resources */,
				56313B3C28450C4800133053 /* RegionCellTableViewCell.xib in Resources */,
				566BD43B28424D20008C1717 /* GoogleService-Info.plist in Resources */,
				566BD43028422CBC008C1717 /* Assets.xcassets in Resources */,
				566BD42E28422CB6008C1717 /* Main.storyboard in Resources */,
				563E68C6284D0A7B006FB1A6 /* loadingnew.json in Resources */,
			);
			runOnlyForDeploymentPostprocessing = 0;
		};
/* End PBXResourcesBuildPhase section */

/* Begin PBXShellScriptBuildPhase section */
		0BFD727CBDC462FB0511DFD6 /* [CP] Embed Pods Frameworks */ = {
			isa = PBXShellScriptBuildPhase;
			buildActionMask = 2147483647;
			files = (
			);
			inputFileListPaths = (
				"${PODS_ROOT}/Target Support Files/Pods-Banger/Pods-Banger-frameworks-${CONFIGURATION}-input-files.xcfilelist",
			);
			name = "[CP] Embed Pods Frameworks";
			outputFileListPaths = (
				"${PODS_ROOT}/Target Support Files/Pods-Banger/Pods-Banger-frameworks-${CONFIGURATION}-output-files.xcfilelist",
			);
			runOnlyForDeploymentPostprocessing = 0;
			shellPath = /bin/sh;
			shellScript = "\"${PODS_ROOT}/Target Support Files/Pods-Banger/Pods-Banger-frameworks.sh\"\n";
			showEnvVarsInLog = 0;
		};
		5A4ECDED5E084AF5E924A13F /* [CP] Check Pods Manifest.lock */ = {
			isa = PBXShellScriptBuildPhase;
			buildActionMask = 2147483647;
			files = (
			);
			inputFileListPaths = (
			);
			inputPaths = (
				"${PODS_PODFILE_DIR_PATH}/Podfile.lock",
				"${PODS_ROOT}/Manifest.lock",
			);
			name = "[CP] Check Pods Manifest.lock";
			outputFileListPaths = (
			);
			outputPaths = (
				"$(DERIVED_FILE_DIR)/Pods-Banger-checkManifestLockResult.txt",
			);
			runOnlyForDeploymentPostprocessing = 0;
			shellPath = /bin/sh;
			shellScript = "diff \"${PODS_PODFILE_DIR_PATH}/Podfile.lock\" \"${PODS_ROOT}/Manifest.lock\" > /dev/null\nif [ $? != 0 ] ; then\n    # print error to STDERR\n    echo \"error: The sandbox is not in sync with the Podfile.lock. Run 'pod install' or update your CocoaPods installation.\" >&2\n    exit 1\nfi\n# This output is used by Xcode 'outputs' to avoid re-running this script phase.\necho \"SUCCESS\" > \"${SCRIPT_OUTPUT_FILE_0}\"\n";
			showEnvVarsInLog = 0;
		};
/* End PBXShellScriptBuildPhase section */

/* Begin PBXSourcesBuildPhase section */
		566BD41F28422CB6008C1717 /* Sources */ = {
			isa = PBXSourcesBuildPhase;
			buildActionMask = 2147483647;
			files = (
				5696F2DF2843D08500F5867A /* TabViewController.swift in Sources */,
				56313B4A284B87B700133053 /* PostsCollectionViewController.swift in Sources */,
				5696F2D52842952900F5867A /* User.swift in Sources */,
				5696F2D72842A67100F5867A /* DataManager.swift in Sources */,
				56313B3E28469E8F00133053 /* PostsController.swift in Sources */,
				56313B4D284B99DD00133053 /* PostCell.swift in Sources */,
				56313B422848C84700133053 /* AddNewPost.swift in Sources */,
				56313B3B28450C4800133053 /* RegionCellTableViewCell.swift in Sources */,
				566BD42B28422CB6008C1717 /* ViewController.swift in Sources */,
				5696F2EE2844FA5C00F5867A /* Region.swift in Sources */,
				5696F2E72844D41700F5867A /* AddNewRegionController.swift in Sources */,
				563E68CC284D32C9006FB1A6 /* ShowPostController.swift in Sources */,
				5696F2DB28438EDD00F5867A /* ImagePicker.swift in Sources */,
				56313B402846AF0D00133053 /* Post.swift in Sources */,
				5696F2E3284404E100F5867A /* MainController.swift in Sources */,
				563E68CE284E2B17006FB1A6 /* ProfileController.swift in Sources */,
				566BD42728422CB6008C1717 /* AppDelegate.swift in Sources */,
				566BD42928422CB6008C1717 /* SceneDelegate.swift in Sources */,
				5696F2D9284349D400F5867A /* SignUpController.swift in Sources */,
				5696F2E52844A22800F5867A /* SavedController.swift in Sources */,
			);
			runOnlyForDeploymentPostprocessing = 0;
		};
/* End PBXSourcesBuildPhase section */

/* Begin PBXVariantGroup section */
		566BD42C28422CB6008C1717 /* Main.storyboard */ = {
			isa = PBXVariantGroup;
			children = (
				566BD42D28422CB6008C1717 /* Base */,
			);
			name = Main.storyboard;
			sourceTree = "<group>";
		};
		566BD43128422CBC008C1717 /* LaunchScreen.storyboard */ = {
			isa = PBXVariantGroup;
			children = (
				566BD43228422CBC008C1717 /* Base */,
			);
			name = LaunchScreen.storyboard;
			sourceTree = "<group>";
		};
/* End PBXVariantGroup section */

/* Begin XCBuildConfiguration section */
		566BD43528422CBC008C1717 /* Debug */ = {
			isa = XCBuildConfiguration;
			buildSettings = {
				ALWAYS_SEARCH_USER_PATHS = NO;
				CLANG_ANALYZER_NONNULL = YES;
				CLANG_ANALYZER_NUMBER_OBJECT_CONVERSION = YES_AGGRESSIVE;
				CLANG_CXX_LANGUAGE_STANDARD = "gnu++17";
				CLANG_CXX_LIBRARY = "libc++";
				CLANG_ENABLE_MODULES = YES;
				CLANG_ENABLE_OBJC_ARC = YES;
				CLANG_ENABLE_OBJC_WEAK = YES;
				CLANG_WARN_BLOCK_CAPTURE_AUTORELEASING = YES;
				CLANG_WARN_BOOL_CONVERSION = YES;
				CLANG_WARN_COMMA = YES;
				CLANG_WARN_CONSTANT_CONVERSION = YES;
				CLANG_WARN_DEPRECATED_OBJC_IMPLEMENTATIONS = YES;
				CLANG_WARN_DIRECT_OBJC_ISA_USAGE = YES_ERROR;
				CLANG_WARN_DOCUMENTATION_COMMENTS = YES;
				CLANG_WARN_EMPTY_BODY = YES;
				CLANG_WARN_ENUM_CONVERSION = YES;
				CLANG_WARN_INFINITE_RECURSION = YES;
				CLANG_WARN_INT_CONVERSION = YES;
				CLANG_WARN_NON_LITERAL_NULL_CONVERSION = YES;
				CLANG_WARN_OBJC_IMPLICIT_RETAIN_SELF = YES;
				CLANG_WARN_OBJC_LITERAL_CONVERSION = YES;
				CLANG_WARN_OBJC_ROOT_CLASS = YES_ERROR;
				CLANG_WARN_QUOTED_INCLUDE_IN_FRAMEWORK_HEADER = YES;
				CLANG_WARN_RANGE_LOOP_ANALYSIS = YES;
				CLANG_WARN_STRICT_PROTOTYPES = YES;
				CLANG_WARN_SUSPICIOUS_MOVE = YES;
				CLANG_WARN_UNGUARDED_AVAILABILITY = YES_AGGRESSIVE;
				CLANG_WARN_UNREACHABLE_CODE = YES;
				CLANG_WARN__DUPLICATE_METHOD_MATCH = YES;
				COPY_PHASE_STRIP = NO;
				DEBUG_INFORMATION_FORMAT = dwarf;
				ENABLE_STRICT_OBJC_MSGSEND = YES;
				ENABLE_TESTABILITY = YES;
				GCC_C_LANGUAGE_STANDARD = gnu11;
				GCC_DYNAMIC_NO_PIC = NO;
				GCC_NO_COMMON_BLOCKS = YES;
				GCC_OPTIMIZATION_LEVEL = 0;
				GCC_PREPROCESSOR_DEFINITIONS = (
					"DEBUG=1",
					"$(inherited)",
				);
				GCC_WARN_64_TO_32_BIT_CONVERSION = YES;
				GCC_WARN_ABOUT_RETURN_TYPE = YES_ERROR;
				GCC_WARN_UNDECLARED_SELECTOR = YES;
				GCC_WARN_UNINITIALIZED_AUTOS = YES_AGGRESSIVE;
				GCC_WARN_UNUSED_FUNCTION = YES;
				GCC_WARN_UNUSED_VARIABLE = YES;
				IPHONEOS_DEPLOYMENT_TARGET = 15.2;
				MTL_ENABLE_DEBUG_INFO = INCLUDE_SOURCE;
				MTL_FAST_MATH = YES;
				ONLY_ACTIVE_ARCH = YES;
				SDKROOT = iphoneos;
				SWIFT_ACTIVE_COMPILATION_CONDITIONS = DEBUG;
				SWIFT_OPTIMIZATION_LEVEL = "-Onone";
			};
			name = Debug;
		};
		566BD43628422CBC008C1717 /* Release */ = {
			isa = XCBuildConfiguration;
			buildSettings = {
				ALWAYS_SEARCH_USER_PATHS = NO;
				CLANG_ANALYZER_NONNULL = YES;
				CLANG_ANALYZER_NUMBER_OBJECT_CONVERSION = YES_AGGRESSIVE;
				CLANG_CXX_LANGUAGE_STANDARD = "gnu++17";
				CLANG_CXX_LIBRARY = "libc++";
				CLANG_ENABLE_MODULES = YES;
				CLANG_ENABLE_OBJC_ARC = YES;
				CLANG_ENABLE_OBJC_WEAK = YES;
				CLANG_WARN_BLOCK_CAPTURE_AUTORELEASING = YES;
				CLANG_WARN_BOOL_CONVERSION = YES;
				CLANG_WARN_COMMA = YES;
				CLANG_WARN_CONSTANT_CONVERSION = YES;
				CLANG_WARN_DEPRECATED_OBJC_IMPLEMENTATIONS = YES;
				CLANG_WARN_DIRECT_OBJC_ISA_USAGE = YES_ERROR;
				CLANG_WARN_DOCUMENTATION_COMMENTS = YES;
				CLANG_WARN_EMPTY_BODY = YES;
				CLANG_WARN_ENUM_CONVERSION = YES;
				CLANG_WARN_INFINITE_RECURSION = YES;
				CLANG_WARN_INT_CONVERSION = YES;
				CLANG_WARN_NON_LITERAL_NULL_CONVERSION = YES;
				CLANG_WARN_OBJC_IMPLICIT_RETAIN_SELF = YES;
				CLANG_WARN_OBJC_LITERAL_CONVERSION = YES;
				CLANG_WARN_OBJC_ROOT_CLASS = YES_ERROR;
				CLANG_WARN_QUOTED_INCLUDE_IN_FRAMEWORK_HEADER = YES;
				CLANG_WARN_RANGE_LOOP_ANALYSIS = YES;
				CLANG_WARN_STRICT_PROTOTYPES = YES;
				CLANG_WARN_SUSPICIOUS_MOVE = YES;
				CLANG_WARN_UNGUARDED_AVAILABILITY = YES_AGGRESSIVE;
				CLANG_WARN_UNREACHABLE_CODE = YES;
				CLANG_WARN__DUPLICATE_METHOD_MATCH = YES;
				COPY_PHASE_STRIP = NO;
				DEBUG_INFORMATION_FORMAT = "dwarf-with-dsym";
				ENABLE_NS_ASSERTIONS = NO;
				ENABLE_STRICT_OBJC_MSGSEND = YES;
				GCC_C_LANGUAGE_STANDARD = gnu11;
				GCC_NO_COMMON_BLOCKS = YES;
				GCC_WARN_64_TO_32_BIT_CONVERSION = YES;
				GCC_WARN_ABOUT_RETURN_TYPE = YES_ERROR;
				GCC_WARN_UNDECLARED_SELECTOR = YES;
				GCC_WARN_UNINITIALIZED_AUTOS = YES_AGGRESSIVE;
				GCC_WARN_UNUSED_FUNCTION = YES;
				GCC_WARN_UNUSED_VARIABLE = YES;
				IPHONEOS_DEPLOYMENT_TARGET = 15.2;
				MTL_ENABLE_DEBUG_INFO = NO;
				MTL_FAST_MATH = YES;
				SDKROOT = iphoneos;
				SWIFT_COMPILATION_MODE = wholemodule;
				SWIFT_OPTIMIZATION_LEVEL = "-O";
				VALIDATE_PRODUCT = YES;
			};
			name = Release;
		};
		566BD43828422CBC008C1717 /* Debug */ = {
			isa = XCBuildConfiguration;
			baseConfigurationReference = 6D79AF743BDF9849FD606A0D /* Pods-Banger.debug.xcconfig */;
			buildSettings = {
				ASSETCATALOG_COMPILER_APPICON_NAME = AppIcon;
				ASSETCATALOG_COMPILER_GLOBAL_ACCENT_COLOR_NAME = AccentColor;
				CODE_SIGN_ENTITLEMENTS = Banger/Banger.entitlements;
				CODE_SIGN_STYLE = Automatic;
				CURRENT_PROJECT_VERSION = 1;
				DEVELOPMENT_TEAM = "";
				GENERATE_INFOPLIST_FILE = YES;
				INFOPLIST_FILE = Banger/Info.plist;
				INFOPLIST_KEY_UIApplicationSupportsIndirectInputEvents = YES;
				INFOPLIST_KEY_UILaunchStoryboardName = LaunchScreen;
				INFOPLIST_KEY_UIMainStoryboardFile = Main;
				INFOPLIST_KEY_UISupportedInterfaceOrientations = UIInterfaceOrientationPortrait;
				INFOPLIST_KEY_UISupportedInterfaceOrientations_iPad = "UIInterfaceOrientationPortrait UIInterfaceOrientationPortraitUpsideDown UIInterfaceOrientationLandscapeLeft UIInterfaceOrientationLandscapeRight";
				INFOPLIST_KEY_UISupportedInterfaceOrientations_iPhone = "UIInterfaceOrientationPortrait UIInterfaceOrientationLandscapeLeft UIInterfaceOrientationLandscapeRight";
				LD_RUNPATH_SEARCH_PATHS = (
					"$(inherited)",
					"@executable_path/Frameworks",
				);
				MARKETING_VERSION = 1.0;
				PRODUCT_BUNDLE_IDENTIFIER = com.dorel.Banger;
				PRODUCT_NAME = "$(TARGET_NAME)";
				SWIFT_EMIT_LOC_STRINGS = YES;
				SWIFT_VERSION = 5.0;
				TARGETED_DEVICE_FAMILY = 1;
			};
			name = Debug;
		};
		566BD43928422CBC008C1717 /* Release */ = {
			isa = XCBuildConfiguration;
			baseConfigurationReference = 714DACC3BDAD2D48B6C46615 /* Pods-Banger.release.xcconfig */;
			buildSettings = {
				ASSETCATALOG_COMPILER_APPICON_NAME = AppIcon;
				ASSETCATALOG_COMPILER_GLOBAL_ACCENT_COLOR_NAME = AccentColor;
				CODE_SIGN_ENTITLEMENTS = Banger/Banger.entitlements;
				CODE_SIGN_STYLE = Automatic;
				CURRENT_PROJECT_VERSION = 1;
				DEVELOPMENT_TEAM = "";
				GENERATE_INFOPLIST_FILE = YES;
				INFOPLIST_FILE = Banger/Info.plist;
				INFOPLIST_KEY_UIApplicationSupportsIndirectInputEvents = YES;
				INFOPLIST_KEY_UILaunchStoryboardName = LaunchScreen;
				INFOPLIST_KEY_UIMainStoryboardFile = Main;
				INFOPLIST_KEY_UISupportedInterfaceOrientations = UIInterfaceOrientationPortrait;
				INFOPLIST_KEY_UISupportedInterfaceOrientations_iPad = "UIInterfaceOrientationPortrait UIInterfaceOrientationPortraitUpsideDown UIInterfaceOrientationLandscapeLeft UIInterfaceOrientationLandscapeRight";
				INFOPLIST_KEY_UISupportedInterfaceOrientations_iPhone = "UIInterfaceOrientationPortrait UIInterfaceOrientationLandscapeLeft UIInterfaceOrientationLandscapeRight";
				LD_RUNPATH_SEARCH_PATHS = (
					"$(inherited)",
					"@executable_path/Frameworks",
				);
				MARKETING_VERSION = 1.0;
				PRODUCT_BUNDLE_IDENTIFIER = com.dorel.Banger;
				PRODUCT_NAME = "$(TARGET_NAME)";
				SWIFT_EMIT_LOC_STRINGS = YES;
				SWIFT_VERSION = 5.0;
				TARGETED_DEVICE_FAMILY = 1;
			};
			name = Release;
		};
/* End XCBuildConfiguration section */

/* Begin XCConfigurationList section */
		566BD41E28422CB6008C1717 /* Build configuration list for PBXProject "Banger" */ = {
			isa = XCConfigurationList;
			buildConfigurations = (
				566BD43528422CBC008C1717 /* Debug */,
				566BD43628422CBC008C1717 /* Release */,
			);
			defaultConfigurationIsVisible = 0;
			defaultConfigurationName = Release;
		};
		566BD43728422CBC008C1717 /* Build configuration list for PBXNativeTarget "Banger" */ = {
			isa = XCConfigurationList;
			buildConfigurations = (
				566BD43828422CBC008C1717 /* Debug */,
				566BD43928422CBC008C1717 /* Release */,
			);
			defaultConfigurationIsVisible = 0;
			defaultConfigurationName = Release;
		};
/* End XCConfigurationList section */
	};
	rootObject = 566BD41B28422CB6008C1717 /* Project object */;
}
